// !$*UTF8*$!
{
	archiveVersion = 1;
	classes = {
	};
	objectVersion = 56;
	objects = {

/* Begin PBXBuildFile section */
		0A7578D52CE476ED000A231A /* e_commerceApp.swift in Sources */ = {isa = PBXBuildFile; fileRef = 0A7578D42CE476ED000A231A /* e_commerceApp.swift */; };
		0A7578D72CE476ED000A231A /* ContentView.swift in Sources */ = {isa = PBXBuildFile; fileRef = 0A7578D62CE476ED000A231A /* ContentView.swift */; };
		0A7578D92CE476F0000A231A /* Assets.xcassets in Resources */ = {isa = PBXBuildFile; fileRef = 0A7578D82CE476F0000A231A /* Assets.xcassets */; };
		0A7578DC2CE476F0000A231A /* Preview Assets.xcassets in Resources */ = {isa = PBXBuildFile; fileRef = 0A7578DB2CE476F0000A231A /* Preview Assets.xcassets */; };
		0A7578E62CE4792E000A231A /* brand.json in Resources */ = {isa = PBXBuildFile; fileRef = 0A7578E22CE4792E000A231A /* brand.json */; };
		0A7578E72CE4792E000A231A /* player.json in Resources */ = {isa = PBXBuildFile; fileRef = 0A7578E32CE4792E000A231A /* player.json */; };
		0A7578E82CE4792E000A231A /* product.json in Resources */ = {isa = PBXBuildFile; fileRef = 0A7578E42CE4792E000A231A /* product.json */; };
		0A7578E92CE4792E000A231A /* category.json in Resources */ = {isa = PBXBuildFile; fileRef = 0A7578E52CE4792E000A231A /* category.json */; };
		0A7578F62CE47C6E000A231A /* Constant.swift in Sources */ = {isa = PBXBuildFile; fileRef = 0A7578F52CE47C6E000A231A /* Constant.swift */; };
		0A7578F82CE47D24000A231A /* FooterView.swift in Sources */ = {isa = PBXBuildFile; fileRef = 0A7578F72CE47D24000A231A /* FooterView.swift */; };
		0A7578FA2CE48548000A231A /* NavigationBarView.swift in Sources */ = {isa = PBXBuildFile; fileRef = 0A7578F92CE48548000A231A /* NavigationBarView.swift */; };
		0A7578FC2CE4878D000A231A /* LogoView.swift in Sources */ = {isa = PBXBuildFile; fileRef = 0A7578FB2CE4878D000A231A /* LogoView.swift */; };
		0A79BA1A2CE5C7A5003F6AF6 /* PlayerModel.swift in Sources */ = {isa = PBXBuildFile; fileRef = 0A79BA192CE5C7A5003F6AF6 /* PlayerModel.swift */; };
		0A79BA1C2CE5C7F9003F6AF6 /* CodableBundle.swift in Sources */ = {isa = PBXBuildFile; fileRef = 0A79BA1B2CE5C7F9003F6AF6 /* CodableBundle.swift */; };
		0A79BA1E2CE5CAA7003F6AF6 /* FeaturedItemView.swift in Sources */ = {isa = PBXBuildFile; fileRef = 0A79BA1D2CE5CAA7003F6AF6 /* FeaturedItemView.swift */; };
		0A79BA202CE5CB91003F6AF6 /* FeaturedTabView.swift in Sources */ = {isa = PBXBuildFile; fileRef = 0A79BA1F2CE5CB91003F6AF6 /* FeaturedTabView.swift */; };
		0A79BA222CE5DDEC003F6AF6 /* CategoryModel.swift in Sources */ = {isa = PBXBuildFile; fileRef = 0A79BA212CE5DDEC003F6AF6 /* CategoryModel.swift */; };
/* End PBXBuildFile section */

/* Begin PBXFileReference section */
		0A7578D12CE476ED000A231A /* e-commerce.app */ = {isa = PBXFileReference; explicitFileType = wrapper.application; includeInIndex = 0; path = "e-commerce.app"; sourceTree = BUILT_PRODUCTS_DIR; };
		0A7578D42CE476ED000A231A /* e_commerceApp.swift */ = {isa = PBXFileReference; lastKnownFileType = sourcecode.swift; path = e_commerceApp.swift; sourceTree = "<group>"; };
		0A7578D62CE476ED000A231A /* ContentView.swift */ = {isa = PBXFileReference; lastKnownFileType = sourcecode.swift; path = ContentView.swift; sourceTree = "<group>"; };
		0A7578D82CE476F0000A231A /* Assets.xcassets */ = {isa = PBXFileReference; lastKnownFileType = folder.assetcatalog; path = Assets.xcassets; sourceTree = "<group>"; };
		0A7578DB2CE476F0000A231A /* Preview Assets.xcassets */ = {isa = PBXFileReference; lastKnownFileType = folder.assetcatalog; path = "Preview Assets.xcassets"; sourceTree = "<group>"; };
		0A7578E22CE4792E000A231A /* brand.json */ = {isa = PBXFileReference; fileEncoding = 4; lastKnownFileType = text.json; path = brand.json; sourceTree = "<group>"; };
		0A7578E32CE4792E000A231A /* player.json */ = {isa = PBXFileReference; fileEncoding = 4; lastKnownFileType = text.json; path = player.json; sourceTree = "<group>"; };
		0A7578E42CE4792E000A231A /* product.json */ = {isa = PBXFileReference; fileEncoding = 4; lastKnownFileType = text.json; path = product.json; sourceTree = "<group>"; };
		0A7578E52CE4792E000A231A /* category.json */ = {isa = PBXFileReference; fileEncoding = 4; lastKnownFileType = text.json; path = category.json; sourceTree = "<group>"; };
		0A7578EB2CE47A29000A231A /* Info.plist */ = {isa = PBXFileReference; lastKnownFileType = text.plist; path = Info.plist; sourceTree = "<group>"; };
		0A7578F52CE47C6E000A231A /* Constant.swift */ = {isa = PBXFileReference; lastKnownFileType = sourcecode.swift; path = Constant.swift; sourceTree = "<group>"; };
		0A7578F72CE47D24000A231A /* FooterView.swift */ = {isa = PBXFileReference; lastKnownFileType = sourcecode.swift; path = FooterView.swift; sourceTree = "<group>"; };
		0A7578F92CE48548000A231A /* NavigationBarView.swift */ = {isa = PBXFileReference; lastKnownFileType = sourcecode.swift; path = NavigationBarView.swift; sourceTree = "<group>"; };
		0A7578FB2CE4878D000A231A /* LogoView.swift */ = {isa = PBXFileReference; lastKnownFileType = sourcecode.swift; path = LogoView.swift; sourceTree = "<group>"; };
		0A79BA192CE5C7A5003F6AF6 /* PlayerModel.swift */ = {isa = PBXFileReference; lastKnownFileType = sourcecode.swift; path = PlayerModel.swift; sourceTree = "<group>"; };
		0A79BA1B2CE5C7F9003F6AF6 /* CodableBundle.swift */ = {isa = PBXFileReference; lastKnownFileType = sourcecode.swift; path = CodableBundle.swift; sourceTree = "<group>"; };
		0A79BA1D2CE5CAA7003F6AF6 /* FeaturedItemView.swift */ = {isa = PBXFileReference; lastKnownFileType = sourcecode.swift; path = FeaturedItemView.swift; sourceTree = "<group>"; };
		0A79BA1F2CE5CB91003F6AF6 /* FeaturedTabView.swift */ = {isa = PBXFileReference; lastKnownFileType = sourcecode.swift; path = FeaturedTabView.swift; sourceTree = "<group>"; };
		0A79BA212CE5DDEC003F6AF6 /* CategoryModel.swift */ = {isa = PBXFileReference; lastKnownFileType = sourcecode.swift; path = CategoryModel.swift; sourceTree = "<group>"; };
/* End PBXFileReference section */

/* Begin PBXFrameworksBuildPhase section */
		0A7578CE2CE476ED000A231A /* Frameworks */ = {
			isa = PBXFrameworksBuildPhase;
			buildActionMask = 2147483647;
			files = (
			);
			runOnlyForDeploymentPostprocessing = 0;
		};
/* End PBXFrameworksBuildPhase section */

/* Begin PBXGroup section */
		0A7578C82CE476ED000A231A = {
			isa = PBXGroup;
			children = (
				0A7578D32CE476ED000A231A /* e-commerce */,
				0A7578D22CE476ED000A231A /* Products */,
			);
			sourceTree = "<group>";
		};
		0A7578D22CE476ED000A231A /* Products */ = {
			isa = PBXGroup;
			children = (
				0A7578D12CE476ED000A231A /* e-commerce.app */,
			);
			name = Products;
			sourceTree = "<group>";
		};
		0A7578D32CE476ED000A231A /* e-commerce */ = {
			isa = PBXGroup;
			children = (
				0A7578EB2CE47A29000A231A /* Info.plist */,
				0A7578EE2CE47BE5000A231A /* Extension */,
				0A7578ED2CE47BBB000A231A /* App */,
				0A7578EA2CE4795B000A231A /* Data */,
				0A7578D82CE476F0000A231A /* Assets.xcassets */,
				0A7578F42CE47C4A000A231A /* Utility */,
				0A7578F12CE47C1A000A231A /* View */,
				0A7578F02CE47C0C000A231A /* Model */,
				0A7578DA2CE476F0000A231A /* Preview Content */,
			);
			path = "e-commerce";
			sourceTree = "<group>";
		};
		0A7578DA2CE476F0000A231A /* Preview Content */ = {
			isa = PBXGroup;
			children = (
				0A7578DB2CE476F0000A231A /* Preview Assets.xcassets */,
			);
			path = "Preview Content";
			sourceTree = "<group>";
		};
		0A7578EA2CE4795B000A231A /* Data */ = {
			isa = PBXGroup;
			children = (
				0A7578E32CE4792E000A231A /* player.json */,
				0A7578E42CE4792E000A231A /* product.json */,
				0A7578E52CE4792E000A231A /* category.json */,
				0A7578E22CE4792E000A231A /* brand.json */,
			);
			path = Data;
			sourceTree = "<group>";
		};
		0A7578ED2CE47BBB000A231A /* App */ = {
			isa = PBXGroup;
			children = (
				0A7578D42CE476ED000A231A /* e_commerceApp.swift */,
				0A7578D62CE476ED000A231A /* ContentView.swift */,
			);
			path = App;
			sourceTree = "<group>";
		};
		0A7578EE2CE47BE5000A231A /* Extension */ = {
			isa = PBXGroup;
			children = (
				0A79BA1B2CE5C7F9003F6AF6 /* CodableBundle.swift */,
			);
			path = Extension;
			sourceTree = "<group>";
		};
		0A7578F02CE47C0C000A231A /* Model */ = {
			isa = PBXGroup;
			children = (
				0A79BA192CE5C7A5003F6AF6 /* PlayerModel.swift */,
				0A79BA212CE5DDEC003F6AF6 /* CategoryModel.swift */,
			);
			path = Model;
			sourceTree = "<group>";
		};
		0A7578F12CE47C1A000A231A /* View */ = {
			isa = PBXGroup;
			children = (
				0A7578F32CE47C30000A231A /* Home */,
				0A7578F22CE47C22000A231A /* Detail */,
			);
			path = View;
			sourceTree = "<group>";
		};
		0A7578F22CE47C22000A231A /* Detail */ = {
			isa = PBXGroup;
			children = (
			);
			path = Detail;
			sourceTree = "<group>";
		};
		0A7578F32CE47C30000A231A /* Home */ = {
			isa = PBXGroup;
			children = (
				0A7578F72CE47D24000A231A /* FooterView.swift */,
				0A79BA1D2CE5CAA7003F6AF6 /* FeaturedItemView.swift */,
				0A7578F92CE48548000A231A /* NavigationBarView.swift */,
				0A7578FB2CE4878D000A231A /* LogoView.swift */,
				0A79BA1F2CE5CB91003F6AF6 /* FeaturedTabView.swift */,
			);
			path = Home;
			sourceTree = "<group>";
		};
		0A7578F42CE47C4A000A231A /* Utility */ = {
			isa = PBXGroup;
			children = (
				0A7578F52CE47C6E000A231A /* Constant.swift */,
			);
			path = Utility;
			sourceTree = "<group>";
		};
/* End PBXGroup section */

/* Begin PBXNativeTarget section */
		0A7578D02CE476ED000A231A /* e-commerce */ = {
			isa = PBXNativeTarget;
			buildConfigurationList = 0A7578DF2CE476F0000A231A /* Build configuration list for PBXNativeTarget "e-commerce" */;
			buildPhases = (
				0A7578CD2CE476ED000A231A /* Sources */,
				0A7578CE2CE476ED000A231A /* Frameworks */,
				0A7578CF2CE476ED000A231A /* Resources */,
			);
			buildRules = (
			);
			dependencies = (
			);
			name = "e-commerce";
			productName = "e-commerce";
			productReference = 0A7578D12CE476ED000A231A /* e-commerce.app */;
			productType = "com.apple.product-type.application";
		};
/* End PBXNativeTarget section */

/* Begin PBXProject section */
		0A7578C92CE476ED000A231A /* Project object */ = {
			isa = PBXProject;
			attributes = {
				BuildIndependentTargetsInParallel = 1;
				LastSwiftUpdateCheck = 1520;
				LastUpgradeCheck = 1520;
				TargetAttributes = {
					0A7578D02CE476ED000A231A = {
						CreatedOnToolsVersion = 15.2;
					};
				};
			};
			buildConfigurationList = 0A7578CC2CE476ED000A231A /* Build configuration list for PBXProject "e-commerce" */;
			compatibilityVersion = "Xcode 14.0";
			developmentRegion = en;
			hasScannedForEncodings = 0;
			knownRegions = (
				en,
				Base,
			);
			mainGroup = 0A7578C82CE476ED000A231A;
			productRefGroup = 0A7578D22CE476ED000A231A /* Products */;
			projectDirPath = "";
			projectRoot = "";
			targets = (
				0A7578D02CE476ED000A231A /* e-commerce */,
			);
		};
/* End PBXProject section */

/* Begin PBXResourcesBuildPhase section */
		0A7578CF2CE476ED000A231A /* Resources */ = {
			isa = PBXResourcesBuildPhase;
			buildActionMask = 2147483647;
			files = (
				0A7578E72CE4792E000A231A /* player.json in Resources */,
				0A7578DC2CE476F0000A231A /* Preview Assets.xcassets in Resources */,
				0A7578D92CE476F0000A231A /* Assets.xcassets in Resources */,
				0A7578E92CE4792E000A231A /* category.json in Resources */,
				0A7578E62CE4792E000A231A /* brand.json in Resources */,
				0A7578E82CE4792E000A231A /* product.json in Resources */,
			);
			runOnlyForDeploymentPostprocessing = 0;
		};
/* End PBXResourcesBuildPhase section */

/* Begin PBXSourcesBuildPhase section */
		0A7578CD2CE476ED000A231A /* Sources */ = {
			isa = PBXSourcesBuildPhase;
			buildActionMask = 2147483647;
			files = (
				0A7578D72CE476ED000A231A /* ContentView.swift in Sources */,
				0A7578FC2CE4878D000A231A /* LogoView.swift in Sources */,
				0A79BA1C2CE5C7F9003F6AF6 /* CodableBundle.swift in Sources */,
				0A7578F82CE47D24000A231A /* FooterView.swift in Sources */,
				0A79BA1E2CE5CAA7003F6AF6 /* FeaturedItemView.swift in Sources */,
				0A7578D52CE476ED000A231A /* e_commerceApp.swift in Sources */,
				0A7578F62CE47C6E000A231A /* Constant.swift in Sources */,
				0A79BA222CE5DDEC003F6AF6 /* CategoryModel.swift in Sources */,
				0A7578FA2CE48548000A231A /* NavigationBarView.swift in Sources */,
				0A79BA202CE5CB91003F6AF6 /* FeaturedTabView.swift in Sources */,
				0A79BA1A2CE5C7A5003F6AF6 /* PlayerModel.swift in Sources */,
			);
			runOnlyForDeploymentPostprocessing = 0;
		};
/* End PBXSourcesBuildPhase section */

/* Begin XCBuildConfiguration section */
		0A7578DD2CE476F0000A231A /* Debug */ = {
			isa = XCBuildConfiguration;
			buildSettings = {
				ALWAYS_SEARCH_USER_PATHS = NO;
				ASSETCATALOG_COMPILER_GENERATE_SWIFT_ASSET_SYMBOL_EXTENSIONS = YES;
				CLANG_ANALYZER_NONNULL = YES;
				CLANG_ANALYZER_NUMBER_OBJECT_CONVERSION = YES_AGGRESSIVE;
				CLANG_CXX_LANGUAGE_STANDARD = "gnu++20";
				CLANG_ENABLE_MODULES = YES;
				CLANG_ENABLE_OBJC_ARC = YES;
				CLANG_ENABLE_OBJC_WEAK = YES;
				CLANG_WARN_BLOCK_CAPTURE_AUTORELEASING = YES;
				CLANG_WARN_BOOL_CONVERSION = YES;
				CLANG_WARN_COMMA = YES;
				CLANG_WARN_CONSTANT_CONVERSION = YES;
				CLANG_WARN_DEPRECATED_OBJC_IMPLEMENTATIONS = YES;
				CLANG_WARN_DIRECT_OBJC_ISA_USAGE = YES_ERROR;
				CLANG_WARN_DOCUMENTATION_COMMENTS = YES;
				CLANG_WARN_EMPTY_BODY = YES;
				CLANG_WARN_ENUM_CONVERSION = YES;
				CLANG_WARN_INFINITE_RECURSION = YES;
				CLANG_WARN_INT_CONVERSION = YES;
				CLANG_WARN_NON_LITERAL_NULL_CONVERSION = YES;
				CLANG_WARN_OBJC_IMPLICIT_RETAIN_SELF = YES;
				CLANG_WARN_OBJC_LITERAL_CONVERSION = YES;
				CLANG_WARN_OBJC_ROOT_CLASS = YES_ERROR;
				CLANG_WARN_QUOTED_INCLUDE_IN_FRAMEWORK_HEADER = YES;
				CLANG_WARN_RANGE_LOOP_ANALYSIS = YES;
				CLANG_WARN_STRICT_PROTOTYPES = YES;
				CLANG_WARN_SUSPICIOUS_MOVE = YES;
				CLANG_WARN_UNGUARDED_AVAILABILITY = YES_AGGRESSIVE;
				CLANG_WARN_UNREACHABLE_CODE = YES;
				CLANG_WARN__DUPLICATE_METHOD_MATCH = YES;
				COPY_PHASE_STRIP = NO;
				DEBUG_INFORMATION_FORMAT = dwarf;
				ENABLE_STRICT_OBJC_MSGSEND = YES;
				ENABLE_TESTABILITY = YES;
				ENABLE_USER_SCRIPT_SANDBOXING = YES;
				GCC_C_LANGUAGE_STANDARD = gnu17;
				GCC_DYNAMIC_NO_PIC = NO;
				GCC_NO_COMMON_BLOCKS = YES;
				GCC_OPTIMIZATION_LEVEL = 0;
				GCC_PREPROCESSOR_DEFINITIONS = (
					"DEBUG=1",
					"$(inherited)",
				);
				GCC_WARN_64_TO_32_BIT_CONVERSION = YES;
				GCC_WARN_ABOUT_RETURN_TYPE = YES_ERROR;
				GCC_WARN_UNDECLARED_SELECTOR = YES;
				GCC_WARN_UNINITIALIZED_AUTOS = YES_AGGRESSIVE;
				GCC_WARN_UNUSED_FUNCTION = YES;
				GCC_WARN_UNUSED_VARIABLE = YES;
				IPHONEOS_DEPLOYMENT_TARGET = 17.2;
				LOCALIZATION_PREFERS_STRING_CATALOGS = YES;
				MTL_ENABLE_DEBUG_INFO = INCLUDE_SOURCE;
				MTL_FAST_MATH = YES;
				ONLY_ACTIVE_ARCH = YES;
				SDKROOT = iphoneos;
				SWIFT_ACTIVE_COMPILATION_CONDITIONS = "DEBUG $(inherited)";
				SWIFT_OPTIMIZATION_LEVEL = "-Onone";
			};
			name = Debug;
		};
		0A7578DE2CE476F0000A231A /* Release */ = {
			isa = XCBuildConfiguration;
			buildSettings = {
				ALWAYS_SEARCH_USER_PATHS = NO;
				ASSETCATALOG_COMPILER_GENERATE_SWIFT_ASSET_SYMBOL_EXTENSIONS = YES;
				CLANG_ANALYZER_NONNULL = YES;
				CLANG_ANALYZER_NUMBER_OBJECT_CONVERSION = YES_AGGRESSIVE;
				CLANG_CXX_LANGUAGE_STANDARD = "gnu++20";
				CLANG_ENABLE_MODULES = YES;
				CLANG_ENABLE_OBJC_ARC = YES;
				CLANG_ENABLE_OBJC_WEAK = YES;
				CLANG_WARN_BLOCK_CAPTURE_AUTORELEASING = YES;
				CLANG_WARN_BOOL_CONVERSION = YES;
				CLANG_WARN_COMMA = YES;
				CLANG_WARN_CONSTANT_CONVERSION = YES;
				CLANG_WARN_DEPRECATED_OBJC_IMPLEMENTATIONS = YES;
				CLANG_WARN_DIRECT_OBJC_ISA_USAGE = YES_ERROR;
				CLANG_WARN_DOCUMENTATION_COMMENTS = YES;
				CLANG_WARN_EMPTY_BODY = YES;
				CLANG_WARN_ENUM_CONVERSION = YES;
				CLANG_WARN_INFINITE_RECURSION = YES;
				CLANG_WARN_INT_CONVERSION = YES;
				CLANG_WARN_NON_LITERAL_NULL_CONVERSION = YES;
				CLANG_WARN_OBJC_IMPLICIT_RETAIN_SELF = YES;
				CLANG_WARN_OBJC_LITERAL_CONVERSION = YES;
				CLANG_WARN_OBJC_ROOT_CLASS = YES_ERROR;
				CLANG_WARN_QUOTED_INCLUDE_IN_FRAMEWORK_HEADER = YES;
				CLANG_WARN_RANGE_LOOP_ANALYSIS = YES;
				CLANG_WARN_STRICT_PROTOTYPES = YES;
				CLANG_WARN_SUSPICIOUS_MOVE = YES;
				CLANG_WARN_UNGUARDED_AVAILABILITY = YES_AGGRESSIVE;
				CLANG_WARN_UNREACHABLE_CODE = YES;
				CLANG_WARN__DUPLICATE_METHOD_MATCH = YES;
				COPY_PHASE_STRIP = NO;
				DEBUG_INFORMATION_FORMAT = "dwarf-with-dsym";
				ENABLE_NS_ASSERTIONS = NO;
				ENABLE_STRICT_OBJC_MSGSEND = YES;
				ENABLE_USER_SCRIPT_SANDBOXING = YES;
				GCC_C_LANGUAGE_STANDARD = gnu17;
				GCC_NO_COMMON_BLOCKS = YES;
				GCC_WARN_64_TO_32_BIT_CONVERSION = YES;
				GCC_WARN_ABOUT_RETURN_TYPE = YES_ERROR;
				GCC_WARN_UNDECLARED_SELECTOR = YES;
				GCC_WARN_UNINITIALIZED_AUTOS = YES_AGGRESSIVE;
				GCC_WARN_UNUSED_FUNCTION = YES;
				GCC_WARN_UNUSED_VARIABLE = YES;
				IPHONEOS_DEPLOYMENT_TARGET = 17.2;
				LOCALIZATION_PREFERS_STRING_CATALOGS = YES;
				MTL_ENABLE_DEBUG_INFO = NO;
				MTL_FAST_MATH = YES;
				SDKROOT = iphoneos;
				SWIFT_COMPILATION_MODE = wholemodule;
				VALIDATE_PRODUCT = YES;
			};
			name = Release;
		};
		0A7578E02CE476F0000A231A /* Debug */ = {
			isa = XCBuildConfiguration;
			buildSettings = {
				ASSETCATALOG_COMPILER_APPICON_NAME = AppIcon;
				ASSETCATALOG_COMPILER_GLOBAL_ACCENT_COLOR_NAME = AccentColor;
				CODE_SIGN_STYLE = Automatic;
				CURRENT_PROJECT_VERSION = 1;
				DEVELOPMENT_ASSET_PATHS = "\"e-commerce/Preview Content\"";
				ENABLE_PREVIEWS = YES;
				GENERATE_INFOPLIST_FILE = YES;
				INFOPLIST_FILE = "e-commerce/Info.plist";
				INFOPLIST_KEY_UIApplicationSceneManifest_Generation = YES;
				INFOPLIST_KEY_UIApplicationSupportsIndirectInputEvents = YES;
				INFOPLIST_KEY_UISupportedInterfaceOrientations = UIInterfaceOrientationPortrait;
				INFOPLIST_KEY_UIUserInterfaceStyle = Light;
				LD_RUNPATH_SEARCH_PATHS = (
					"$(inherited)",
					"@executable_path/Frameworks",
				);
				MARKETING_VERSION = 1.0;
				PRODUCT_BUNDLE_IDENTIFIER = "com.yasu.e-commerce";
				PRODUCT_NAME = "$(TARGET_NAME)";
				SWIFT_EMIT_LOC_STRINGS = YES;
				SWIFT_VERSION = 5.0;
				TARGETED_DEVICE_FAMILY = "1,2";
			};
			name = Debug;
		};
		0A7578E12CE476F0000A231A /* Release */ = {
			isa = XCBuildConfiguration;
			buildSettings = {
				ASSETCATALOG_COMPILER_APPICON_NAME = AppIcon;
				ASSETCATALOG_COMPILER_GLOBAL_ACCENT_COLOR_NAME = AccentColor;
				CODE_SIGN_STYLE = Automatic;
				CURRENT_PROJECT_VERSION = 1;
				DEVELOPMENT_ASSET_PATHS = "\"e-commerce/Preview Content\"";
				ENABLE_PREVIEWS = YES;
				GENERATE_INFOPLIST_FILE = YES;
				INFOPLIST_FILE = "e-commerce/Info.plist";
				INFOPLIST_KEY_UIApplicationSceneManifest_Generation = YES;
				INFOPLIST_KEY_UIApplicationSupportsIndirectInputEvents = YES;
				INFOPLIST_KEY_UISupportedInterfaceOrientations = UIInterfaceOrientationPortrait;
				INFOPLIST_KEY_UIUserInterfaceStyle = Light;
				LD_RUNPATH_SEARCH_PATHS = (
					"$(inherited)",
					"@executable_path/Frameworks",
				);
				MARKETING_VERSION = 1.0;
				PRODUCT_BUNDLE_IDENTIFIER = "com.yasu.e-commerce";
				PRODUCT_NAME = "$(TARGET_NAME)";
				SWIFT_EMIT_LOC_STRINGS = YES;
				SWIFT_VERSION = 5.0;
				TARGETED_DEVICE_FAMILY = "1,2";
			};
			name = Release;
		};
/* End XCBuildConfiguration section */

/* Begin XCConfigurationList section */
		0A7578CC2CE476ED000A231A /* Build configuration list for PBXProject "e-commerce" */ = {
			isa = XCConfigurationList;
			buildConfigurations = (
				0A7578DD2CE476F0000A231A /* Debug */,
				0A7578DE2CE476F0000A231A /* Release */,
			);
			defaultConfigurationIsVisible = 0;
			defaultConfigurationName = Release;
		};
		0A7578DF2CE476F0000A231A /* Build configuration list for PBXNativeTarget "e-commerce" */ = {
			isa = XCConfigurationList;
			buildConfigurations = (
				0A7578E02CE476F0000A231A /* Debug */,
				0A7578E12CE476F0000A231A /* Release */,
			);
			defaultConfigurationIsVisible = 0;
			defaultConfigurationName = Release;
		};
/* End XCConfigurationList section */
	};
	rootObject = 0A7578C92CE476ED000A231A /* Project object */;
}
